
Microsoft Visual Studio Solution File, Format Version 12.00
# Visual Studio Version 16
VisualStudioVersion = 16.0.29418.71
MinimumVisualStudioVersion = 10.0.40219.1
Project("{FAE04EC0-301F-11D3-BF4B-00C04F79EFBC}") = "Game", "Game\Game.csproj", "{8A6B7C28-F3A2-40F2-8C95-E672CA1E9EF5}"
EndProject
Global
	GlobalSection(SolutionConfigurationPlatforms) = preSolution
		Debug|Any CPU = Debug|Any CPU
		Release|Any CPU = Release|Any CPU
	EndGlobalSection
	GlobalSection(ProjectConfigurationPlatforms) = postSolution
		{8A6B7C28-F3A2-40F2-8C95-E672CA1E9EF5}.Debug|Any CPU.ActiveCfg = Debug|Any CPU
		{8A6B7C28-F3A2-40F2-8C95-E672CA1E9EF5}.Debug|Any CPU.Build.0 = Debug|Any CPU
		{8A6B7C28-F3A2-40F2-8C95-E672CA1E9EF5}.Release|Any CPU.ActiveCfg = Release|Any CPU
		{8A6B7C28-F3A2-40F2-8C95-E672CA1E9EF5}.Release|Any CPU.Build.0 = Release|Any CPU
	EndGlobalSection
	GlobalSection(SolutionProperties) = preSolution
		HideSolutionNode = FALSE
	EndGlobalSection
	GlobalSection(ExtensibilityGlobals) = postSolution
		SolutionGuid = {F0F41A3C-1FA6-4E8D-8C49-6B4AFC26CFE3}
	EndGlobalSection
EndGlobal
